
Microsoft Visual Studio Solution File, Format Version 12.00
# Visual Studio Version 16
VisualStudioVersion = 16.0.29503.13
MinimumVisualStudioVersion = 10.0.40219.1
Project("{9A19103F-16F7-4668-BE54-9A1E7A4F7556}") = "Blog", "Blog.csproj", "{C9B3A9E9-FD81-42E6-BA9D-80ED1E55D0D3}"
EndProject
Global
	GlobalSection(SolutionConfigurationPlatforms) = preSolution
		Debug|Any CPU = Debug|Any CPU
		Release|Any CPU = Release|Any CPU
	EndGlobalSection
	GlobalSection(ProjectConfigurationPlatforms) = postSolution
		{C9B3A9E9-FD81-42E6-BA9D-80ED1E55D0D3}.Debug|Any CPU.ActiveCfg = Debug|Any CPU
		{C9B3A9E9-FD81-42E6-BA9D-80ED1E55D0D3}.Debug|Any CPU.Build.0 = Debug|Any CPU
		{C9B3A9E9-FD81-42E6-BA9D-80ED1E55D0D3}.Release|Any CPU.ActiveCfg = Release|Any CPU
		{C9B3A9E9-FD81-42E6-BA9D-80ED1E55D0D3}.Release|Any CPU.Build.0 = Release|Any CPU
	EndGlobalSection
	GlobalSection(SolutionProperties) = preSolution
		HideSolutionNode = FALSE
	EndGlobalSection
	GlobalSection(ExtensibilityGlobals) = postSolution
		SolutionGuid = {D835FDAE-93D3-4FEE-B795-52C45487871B}
	EndGlobalSection
EndGlobal
